
Microsoft Visual Studio Solution File, Format Version 12.00
# Visual Studio 15
VisualStudioVersion = 15.0.33529.398
MinimumVisualStudioVersion = 10.0.40219.1
Project("{8BC9CEB8-8B4A-11D0-8D11-00A0C91BC942}") = "4.6.5继承同名成员处理方式", "4.6.5继承同名成员处理方式\4.6.5继承同名成员处理方式.vcxproj", "{42BCE642-71FB-4D4E-8975-4D7FD5137243}"
EndProject
Global
	GlobalSection(SolutionConfigurationPlatforms) = preSolution
		Debug|x64 = Debug|x64
		Debug|x86 = Debug|x86
		Release|x64 = Release|x64
		Release|x86 = Release|x86
	EndGlobalSection
	GlobalSection(ProjectConfigurationPlatforms) = postSolution
		{42BCE642-71FB-4D4E-8975-4D7FD5137243}.Debug|x64.ActiveCfg = Debug|x64
		{42BCE642-71FB-4D4E-8975-4D7FD5137243}.Debug|x64.Build.0 = Debug|x64
		{42BCE642-71FB-4D4E-8975-4D7FD5137243}.Debug|x86.ActiveCfg = Debug|Win32
		{42BCE642-71FB-4D4E-8975-4D7FD5137243}.Debug|x86.Build.0 = Debug|Win32
		{42BCE642-71FB-4D4E-8975-4D7FD5137243}.Release|x64.ActiveCfg = Release|x64
		{42BCE642-71FB-4D4E-8975-4D7FD5137243}.Release|x64.Build.0 = Release|x64
		{42BCE642-71FB-4D4E-8975-4D7FD5137243}.Release|x86.ActiveCfg = Release|Win32
		{42BCE642-71FB-4D4E-8975-4D7FD5137243}.Release|x86.Build.0 = Release|Win32
	EndGlobalSection
	GlobalSection(SolutionProperties) = preSolution
		HideSolutionNode = FALSE
	EndGlobalSection
	GlobalSection(ExtensibilityGlobals) = postSolution
		SolutionGuid = {2E503D27-BB16-40A6-A74F-CF3EB1D32E84}
	EndGlobalSection
EndGlobal
