
Microsoft Visual Studio Solution File, Format Version 12.00
# Visual Studio 15
VisualStudioVersion = 15.0.33529.398
MinimumVisualStudioVersion = 10.0.40219.1
Project("{8BC9CEB8-8B4A-11D0-8D11-00A0C91BC942}") = "3.1.3 string赋值操作", "3.1.3 string赋值操作\3.1.3 string赋值操作.vcxproj", "{7AE47386-4B68-4524-94F6-97E6A3991709}"
EndProject
Global
	GlobalSection(SolutionConfigurationPlatforms) = preSolution
		Debug|x64 = Debug|x64
		Debug|x86 = Debug|x86
		Release|x64 = Release|x64
		Release|x86 = Release|x86
	EndGlobalSection
	GlobalSection(ProjectConfigurationPlatforms) = postSolution
		{7AE47386-4B68-4524-94F6-97E6A3991709}.Debug|x64.ActiveCfg = Debug|x64
		{7AE47386-4B68-4524-94F6-97E6A3991709}.Debug|x64.Build.0 = Debug|x64
		{7AE47386-4B68-4524-94F6-97E6A3991709}.Debug|x86.ActiveCfg = Debug|Win32
		{7AE47386-4B68-4524-94F6-97E6A3991709}.Debug|x86.Build.0 = Debug|Win32
		{7AE47386-4B68-4524-94F6-97E6A3991709}.Release|x64.ActiveCfg = Release|x64
		{7AE47386-4B68-4524-94F6-97E6A3991709}.Release|x64.Build.0 = Release|x64
		{7AE47386-4B68-4524-94F6-97E6A3991709}.Release|x86.ActiveCfg = Release|Win32
		{7AE47386-4B68-4524-94F6-97E6A3991709}.Release|x86.Build.0 = Release|Win32
	EndGlobalSection
	GlobalSection(SolutionProperties) = preSolution
		HideSolutionNode = FALSE
	EndGlobalSection
	GlobalSection(ExtensibilityGlobals) = postSolution
		SolutionGuid = {1DB3D236-8FAD-4684-BC65-19E7678C7643}
	EndGlobalSection
EndGlobal
