
Microsoft Visual Studio Solution File, Format Version 12.00
# Visual Studio 15
VisualStudioVersion = 15.0.33529.398
MinimumVisualStudioVersion = 10.0.40219.1
Project("{8BC9CEB8-8B4A-11D0-8D11-00A0C91BC942}") = "3.2.7 vector互换容器", "3.2.7 vector互换容器\3.2.7 vector互换容器.vcxproj", "{A410906F-AE01-4C28-A823-B6E6F12CB9F8}"
EndProject
Global
	GlobalSection(SolutionConfigurationPlatforms) = preSolution
		Debug|x64 = Debug|x64
		Debug|x86 = Debug|x86
		Release|x64 = Release|x64
		Release|x86 = Release|x86
	EndGlobalSection
	GlobalSection(ProjectConfigurationPlatforms) = postSolution
		{A410906F-AE01-4C28-A823-B6E6F12CB9F8}.Debug|x64.ActiveCfg = Debug|x64
		{A410906F-AE01-4C28-A823-B6E6F12CB9F8}.Debug|x64.Build.0 = Debug|x64
		{A410906F-AE01-4C28-A823-B6E6F12CB9F8}.Debug|x86.ActiveCfg = Debug|Win32
		{A410906F-AE01-4C28-A823-B6E6F12CB9F8}.Debug|x86.Build.0 = Debug|Win32
		{A410906F-AE01-4C28-A823-B6E6F12CB9F8}.Release|x64.ActiveCfg = Release|x64
		{A410906F-AE01-4C28-A823-B6E6F12CB9F8}.Release|x64.Build.0 = Release|x64
		{A410906F-AE01-4C28-A823-B6E6F12CB9F8}.Release|x86.ActiveCfg = Release|Win32
		{A410906F-AE01-4C28-A823-B6E6F12CB9F8}.Release|x86.Build.0 = Release|Win32
	EndGlobalSection
	GlobalSection(SolutionProperties) = preSolution
		HideSolutionNode = FALSE
	EndGlobalSection
	GlobalSection(ExtensibilityGlobals) = postSolution
		SolutionGuid = {49E195CE-090C-4D73-8D63-3540A13855FB}
	EndGlobalSection
EndGlobal
