
Microsoft Visual Studio Solution File, Format Version 12.00
# Visual Studio 15
VisualStudioVersion = 15.0.33529.398
MinimumVisualStudioVersion = 10.0.40219.1
Project("{8BC9CEB8-8B4A-11D0-8D11-00A0C91BC942}") = "4.6.6继承同名静态成员处理方式", "4.6.6继承同名静态成员处理方式\4.6.6继承同名静态成员处理方式.vcxproj", "{E141CE23-1B5D-416B-A453-600295A83777}"
EndProject
Global
	GlobalSection(SolutionConfigurationPlatforms) = preSolution
		Debug|x64 = Debug|x64
		Debug|x86 = Debug|x86
		Release|x64 = Release|x64
		Release|x86 = Release|x86
	EndGlobalSection
	GlobalSection(ProjectConfigurationPlatforms) = postSolution
		{E141CE23-1B5D-416B-A453-600295A83777}.Debug|x64.ActiveCfg = Debug|x64
		{E141CE23-1B5D-416B-A453-600295A83777}.Debug|x64.Build.0 = Debug|x64
		{E141CE23-1B5D-416B-A453-600295A83777}.Debug|x86.ActiveCfg = Debug|Win32
		{E141CE23-1B5D-416B-A453-600295A83777}.Debug|x86.Build.0 = Debug|Win32
		{E141CE23-1B5D-416B-A453-600295A83777}.Release|x64.ActiveCfg = Release|x64
		{E141CE23-1B5D-416B-A453-600295A83777}.Release|x64.Build.0 = Release|x64
		{E141CE23-1B5D-416B-A453-600295A83777}.Release|x86.ActiveCfg = Release|Win32
		{E141CE23-1B5D-416B-A453-600295A83777}.Release|x86.Build.0 = Release|Win32
	EndGlobalSection
	GlobalSection(SolutionProperties) = preSolution
		HideSolutionNode = FALSE
	EndGlobalSection
	GlobalSection(ExtensibilityGlobals) = postSolution
		SolutionGuid = {251C5A28-5A4A-44C0-A301-1F77D33D7290}
	EndGlobalSection
EndGlobal
