
Microsoft Visual Studio Solution File, Format Version 12.00
# Visual Studio 15
VisualStudioVersion = 15.0.33529.398
MinimumVisualStudioVersion = 10.0.40219.1
Project("{8BC9CEB8-8B4A-11D0-8D11-00A0C91BC942}") = "4.6.4继承中构造和析构顺序", "4.6.4继承中构造和析构顺序\4.6.4继承中构造和析构顺序.vcxproj", "{4ED4B35B-F274-4B68-BD07-EF4B14F51D51}"
EndProject
Global
	GlobalSection(SolutionConfigurationPlatforms) = preSolution
		Debug|x64 = Debug|x64
		Debug|x86 = Debug|x86
		Release|x64 = Release|x64
		Release|x86 = Release|x86
	EndGlobalSection
	GlobalSection(ProjectConfigurationPlatforms) = postSolution
		{4ED4B35B-F274-4B68-BD07-EF4B14F51D51}.Debug|x64.ActiveCfg = Debug|x64
		{4ED4B35B-F274-4B68-BD07-EF4B14F51D51}.Debug|x64.Build.0 = Debug|x64
		{4ED4B35B-F274-4B68-BD07-EF4B14F51D51}.Debug|x86.ActiveCfg = Debug|Win32
		{4ED4B35B-F274-4B68-BD07-EF4B14F51D51}.Debug|x86.Build.0 = Debug|Win32
		{4ED4B35B-F274-4B68-BD07-EF4B14F51D51}.Release|x64.ActiveCfg = Release|x64
		{4ED4B35B-F274-4B68-BD07-EF4B14F51D51}.Release|x64.Build.0 = Release|x64
		{4ED4B35B-F274-4B68-BD07-EF4B14F51D51}.Release|x86.ActiveCfg = Release|Win32
		{4ED4B35B-F274-4B68-BD07-EF4B14F51D51}.Release|x86.Build.0 = Release|Win32
	EndGlobalSection
	GlobalSection(SolutionProperties) = preSolution
		HideSolutionNode = FALSE
	EndGlobalSection
	GlobalSection(ExtensibilityGlobals) = postSolution
		SolutionGuid = {FCAAC41C-3810-4687-9931-BCD81367754A}
	EndGlobalSection
EndGlobal
