
Microsoft Visual Studio Solution File, Format Version 12.00
# Visual Studio 15
VisualStudioVersion = 15.0.33529.398
MinimumVisualStudioVersion = 10.0.40219.1
Project("{8BC9CEB8-8B4A-11D0-8D11-00A0C91BC942}") = "1.2.6模板的局限性", "1.2.6模板的局限性\1.2.6模板的局限性.vcxproj", "{CD8C3BDC-1E80-4F3B-A064-38AA04C937E4}"
EndProject
Global
	GlobalSection(SolutionConfigurationPlatforms) = preSolution
		Debug|x64 = Debug|x64
		Debug|x86 = Debug|x86
		Release|x64 = Release|x64
		Release|x86 = Release|x86
	EndGlobalSection
	GlobalSection(ProjectConfigurationPlatforms) = postSolution
		{CD8C3BDC-1E80-4F3B-A064-38AA04C937E4}.Debug|x64.ActiveCfg = Debug|x64
		{CD8C3BDC-1E80-4F3B-A064-38AA04C937E4}.Debug|x64.Build.0 = Debug|x64
		{CD8C3BDC-1E80-4F3B-A064-38AA04C937E4}.Debug|x86.ActiveCfg = Debug|Win32
		{CD8C3BDC-1E80-4F3B-A064-38AA04C937E4}.Debug|x86.Build.0 = Debug|Win32
		{CD8C3BDC-1E80-4F3B-A064-38AA04C937E4}.Release|x64.ActiveCfg = Release|x64
		{CD8C3BDC-1E80-4F3B-A064-38AA04C937E4}.Release|x64.Build.0 = Release|x64
		{CD8C3BDC-1E80-4F3B-A064-38AA04C937E4}.Release|x86.ActiveCfg = Release|Win32
		{CD8C3BDC-1E80-4F3B-A064-38AA04C937E4}.Release|x86.Build.0 = Release|Win32
	EndGlobalSection
	GlobalSection(SolutionProperties) = preSolution
		HideSolutionNode = FALSE
	EndGlobalSection
	GlobalSection(ExtensibilityGlobals) = postSolution
		SolutionGuid = {0C640384-8D87-4C74-8FD3-499C80AE2BE3}
	EndGlobalSection
EndGlobal
