
Microsoft Visual Studio Solution File, Format Version 12.00
# Visual Studio 15
VisualStudioVersion = 15.0.33529.398
MinimumVisualStudioVersion = 10.0.40219.1
Project("{8BC9CEB8-8B4A-11D0-8D11-00A0C91BC942}") = "4.7.6多态案例三-电脑组装", "4.7.6多态案例三-电脑组装\4.7.6多态案例三-电脑组装.vcxproj", "{CB02428F-15C4-45B7-BC89-5D5FA3D15047}"
EndProject
Global
	GlobalSection(SolutionConfigurationPlatforms) = preSolution
		Debug|x64 = Debug|x64
		Debug|x86 = Debug|x86
		Release|x64 = Release|x64
		Release|x86 = Release|x86
	EndGlobalSection
	GlobalSection(ProjectConfigurationPlatforms) = postSolution
		{CB02428F-15C4-45B7-BC89-5D5FA3D15047}.Debug|x64.ActiveCfg = Debug|x64
		{CB02428F-15C4-45B7-BC89-5D5FA3D15047}.Debug|x64.Build.0 = Debug|x64
		{CB02428F-15C4-45B7-BC89-5D5FA3D15047}.Debug|x86.ActiveCfg = Debug|Win32
		{CB02428F-15C4-45B7-BC89-5D5FA3D15047}.Debug|x86.Build.0 = Debug|Win32
		{CB02428F-15C4-45B7-BC89-5D5FA3D15047}.Release|x64.ActiveCfg = Release|x64
		{CB02428F-15C4-45B7-BC89-5D5FA3D15047}.Release|x64.Build.0 = Release|x64
		{CB02428F-15C4-45B7-BC89-5D5FA3D15047}.Release|x86.ActiveCfg = Release|Win32
		{CB02428F-15C4-45B7-BC89-5D5FA3D15047}.Release|x86.Build.0 = Release|Win32
	EndGlobalSection
	GlobalSection(SolutionProperties) = preSolution
		HideSolutionNode = FALSE
	EndGlobalSection
	GlobalSection(ExtensibilityGlobals) = postSolution
		SolutionGuid = {2AA45E24-AFA8-4588-A12E-0AA47E20F396}
	EndGlobalSection
EndGlobal
