
Microsoft Visual Studio Solution File, Format Version 12.00
# Visual Studio 15
VisualStudioVersion = 15.0.33529.398
MinimumVisualStudioVersion = 10.0.40219.1
Project("{8BC9CEB8-8B4A-11D0-8D11-00A0C91BC942}") = "4.5.3运算符重载-递增运算符重载", "4.5.3运算符重载-递增运算符重载\4.5.3运算符重载-递增运算符重载.vcxproj", "{B83F6CB9-430E-4594-87E1-C2CB3F765D40}"
EndProject
Global
	GlobalSection(SolutionConfigurationPlatforms) = preSolution
		Debug|x64 = Debug|x64
		Debug|x86 = Debug|x86
		Release|x64 = Release|x64
		Release|x86 = Release|x86
	EndGlobalSection
	GlobalSection(ProjectConfigurationPlatforms) = postSolution
		{B83F6CB9-430E-4594-87E1-C2CB3F765D40}.Debug|x64.ActiveCfg = Debug|x64
		{B83F6CB9-430E-4594-87E1-C2CB3F765D40}.Debug|x64.Build.0 = Debug|x64
		{B83F6CB9-430E-4594-87E1-C2CB3F765D40}.Debug|x86.ActiveCfg = Debug|Win32
		{B83F6CB9-430E-4594-87E1-C2CB3F765D40}.Debug|x86.Build.0 = Debug|Win32
		{B83F6CB9-430E-4594-87E1-C2CB3F765D40}.Release|x64.ActiveCfg = Release|x64
		{B83F6CB9-430E-4594-87E1-C2CB3F765D40}.Release|x64.Build.0 = Release|x64
		{B83F6CB9-430E-4594-87E1-C2CB3F765D40}.Release|x86.ActiveCfg = Release|Win32
		{B83F6CB9-430E-4594-87E1-C2CB3F765D40}.Release|x86.Build.0 = Release|Win32
	EndGlobalSection
	GlobalSection(SolutionProperties) = preSolution
		HideSolutionNode = FALSE
	EndGlobalSection
	GlobalSection(ExtensibilityGlobals) = postSolution
		SolutionGuid = {5D04904B-6EAD-4E81-B0D9-F0A5BF6FAF65}
	EndGlobalSection
EndGlobal
