
Microsoft Visual Studio Solution File, Format Version 12.00
# Visual Studio 15
VisualStudioVersion = 15.0.33529.398
MinimumVisualStudioVersion = 10.0.40219.1
Project("{8BC9CEB8-8B4A-11D0-8D11-00A0C91BC942}") = "4.6.2继承方式", "4.6.2继承方式\4.6.2继承方式.vcxproj", "{92D50118-885F-4B14-A173-FB58460048F3}"
EndProject
Global
	GlobalSection(SolutionConfigurationPlatforms) = preSolution
		Debug|x64 = Debug|x64
		Debug|x86 = Debug|x86
		Release|x64 = Release|x64
		Release|x86 = Release|x86
	EndGlobalSection
	GlobalSection(ProjectConfigurationPlatforms) = postSolution
		{92D50118-885F-4B14-A173-FB58460048F3}.Debug|x64.ActiveCfg = Debug|x64
		{92D50118-885F-4B14-A173-FB58460048F3}.Debug|x64.Build.0 = Debug|x64
		{92D50118-885F-4B14-A173-FB58460048F3}.Debug|x86.ActiveCfg = Debug|Win32
		{92D50118-885F-4B14-A173-FB58460048F3}.Debug|x86.Build.0 = Debug|Win32
		{92D50118-885F-4B14-A173-FB58460048F3}.Release|x64.ActiveCfg = Release|x64
		{92D50118-885F-4B14-A173-FB58460048F3}.Release|x64.Build.0 = Release|x64
		{92D50118-885F-4B14-A173-FB58460048F3}.Release|x86.ActiveCfg = Release|Win32
		{92D50118-885F-4B14-A173-FB58460048F3}.Release|x86.Build.0 = Release|Win32
	EndGlobalSection
	GlobalSection(SolutionProperties) = preSolution
		HideSolutionNode = FALSE
	EndGlobalSection
	GlobalSection(ExtensibilityGlobals) = postSolution
		SolutionGuid = {129CE679-57BA-47CD-BA7D-88AFF26EBC0F}
	EndGlobalSection
EndGlobal
